schema: '2.0'
stages:
  run:
    cmd: uv run kernel_h.py
    deps:
    - path: kernel_h.py
      hash: md5
      md5: 50a93a35fd9522ce6537cf0f46abd587
      size: 15963
    - path: params.yaml
      hash: md5
      md5: df75cc819ba5f55e5b2f7c016d5b8abd
      size: 598
    outs:
    - path: results
      hash: md5
      md5: 210f858504d90a3e721e185f5004da3f.dir
      size: 3744775
      nfiles: 9
