schema: '2.0'
stages:
  run:
    cmd: uv run kernel.py
    deps:
    - path: kernel.py
      hash: md5
      md5: c67cd9c002acd11413d0e664e45d2d12
      size: 5577
    - path: params.yaml
      hash: md5
      md5: 870e8c175c2ce74a4c7db939d639b212
      size: 471
    outs:
    - path: results
      hash: md5
      md5: 6be579bc759252af744fbe8162bb82f5.dir
      size: 1935472
      nfiles: 13
